github.com/yttydcs/myflowhub-core v0.2.1 h1:od6Av+lnccUUBYaq+rzR+B/Ycriw+hy917zSIq41WgM=
github.com/yttydcs/myflowhub-core v0.2.1/go.mod h1:uUmSQZ3JVVitpQVXA8goupbXpSbd+rahFZjx5x/rS/4=
github.com/yttydcs/myflowhub-proto v0.1.0 h1:AihWs9cvBK0xn8qUVn7vfzmBN/73UBiGLYKx0ubkiLU=
github.com/yttydcs/myflowhub-proto v0.1.0/go.mod h1:1shJnnAYNZYd1KnGNtvgdygTaeCyx5duMnxrRLRouOc=
github.com/yttydcs/myflowhub-subproto/broker v0.1.0 h1:YnNJ4kMmyl4WgL1o/1X6r54wv8Huamga1Z4yL9gkRgA=
github.com/yttydcs/myflowhub-subproto/broker v0.1.0/go.mod h1:ZN/xyR7HTixZRC2QeiRjqg69TCkxk+Cyr1+WKTFjnPs=
