github.com/yttydcs/myflowhub-core v0.4.9 h1:8IiqTrtTjY1QifWmGzaBA1+kTxoaAQYQL7/WR69D/eo=
github.com/yttydcs/myflowhub-core v0.4.9/go.mod h1:/XfiiRJgVlnEe9Eo2ug0yn4l9x7k3+wq+3GJXZkJzUU=
github.com/yttydcs/myflowhub-proto v0.1.5 h1:WqIf/5DFq8lxYXdLEcghZeJucu9u/5OfBKcx2mrYsOI=
github.com/yttydcs/myflowhub-proto v0.1.5/go.mod h1:1shJnnAYNZYd1KnGNtvgdygTaeCyx5duMnxrRLRouOc=
