github.com/yttydcs/myflowhub-core v0.4.8 h1:PDEdetNvOPLFtjb/kwBibgw75n4zCzrdSCqB2nQEJp0=
github.com/yttydcs/myflowhub-core v0.4.8/go.mod h1:/XfiiRJgVlnEe9Eo2ug0yn4l9x7k3+wq+3GJXZkJzUU=
github.com/yttydcs/myflowhub-proto v0.1.2 h1:m4tVsmOCDqIAzXaWovjwX8IoeoOnkSAc5QGUZLkoMtg=
github.com/yttydcs/myflowhub-proto v0.1.2/go.mod h1:1shJnnAYNZYd1KnGNtvgdygTaeCyx5duMnxrRLRouOc=
