github.com/yttydcs/myflowhub-core v0.4.0 h1:DEeoS7ED9r+booyIyA3pZm4vWCR0KTwDzboXw3P/qcM=
github.com/yttydcs/myflowhub-core v0.4.0/go.mod h1:v63nBnLGfsVLtrbnM9jeiTL+s5nWeCOJ9BWeoWtfwc8=
github.com/yttydcs/myflowhub-subproto/broker v0.1.1 h1:9nG17R//KpTICK/IcnuMNww88uzsILuhcLl3WXUhRow=
github.com/yttydcs/myflowhub-subproto/broker v0.1.1/go.mod h1:ZN/xyR7HTixZRC2QeiRjqg69TCkxk+Cyr1+WKTFjnPs=
github.com/yttydcs/myflowhub-subproto/exec v0.1.2 h1:6fE2q/2nGu6dQ3/wHkTFgTcb/6HMUJABX3bbA/y+6+k=
github.com/yttydcs/myflowhub-subproto/exec v0.1.2/go.mod h1:9QvVUu3sWEgeQpIdmHiyiRwBbsoTv0r0R/ls6H70M9w=
