github.com/yttydcs/myflowhub-core v0.4.0 h1:DEeoS7ED9r+booyIyA3pZm4vWCR0KTwDzboXw3P/qcM=
github.com/yttydcs/myflowhub-core v0.4.0/go.mod h1:v63nBnLGfsVLtrbnM9jeiTL+s5nWeCOJ9BWeoWtfwc8=
github.com/yttydcs/myflowhub-proto v0.1.1 h1:0oVHnHaYbrV6CWQ0mREWMwDDkkUBIpPMTtLw2TjJLY8=
github.com/yttydcs/myflowhub-proto v0.1.1/go.mod h1:1shJnnAYNZYd1KnGNtvgdygTaeCyx5duMnxrRLRouOc=
